// !$*UTF8*$!
{
	archiveVersion = 1;
	classes = {
	};
	objectVersion = 77;
	objects = {

/* Begin PBXBuildFile section */
		B468387C2D346A8400B064AB /* README.md in Resources */ = {isa = PBXBuildFile; fileRef = B468387B2D346A8400B064AB /* README.md */; };
/* End PBXBuildFile section */

/* Begin PBXContainerItemProxy section */
		B468383C2D30718300B064AB /* PBXContainerItemProxy */ = {
			isa = PBXContainerItemProxy;
			containerPortal = B46838202D30718100B064AB /* Project object */;
			proxyType = 1;
			remoteGlobalIDString = B46838272D30718100B064AB;
			remoteInfo = Zoitomat;
		};
		B46838462D30718300B064AB /* PBXContainerItemProxy */ = {
			isa = PBXContainerItemProxy;
			containerPortal = B46838202D30718100B064AB /* Project object */;
			proxyType = 1;
			remoteGlobalIDString = B46838272D30718100B064AB;
			remoteInfo = Zoitomat;
		};
/* End PBXContainerItemProxy section */

/* Begin PBXFileReference section */
		B46838282D30718100B064AB /* Zoitomat.app */ = {isa = PBXFileReference; explicitFileType = wrapper.application; includeInIndex = 0; path = Zoitomat.app; sourceTree = BUILT_PRODUCTS_DIR; };
		B468383B2D30718300B064AB /* ZoitomatTests.xctest */ = {isa = PBXFileReference; explicitFileType = wrapper.cfbundle; includeInIndex = 0; path = ZoitomatTests.xctest; sourceTree = BUILT_PRODUCTS_DIR; };
		B46838452D30718300B064AB /* ZoitomatUITests.xctest */ = {isa = PBXFileReference; explicitFileType = wrapper.cfbundle; includeInIndex = 0; path = ZoitomatUITests.xctest; sourceTree = BUILT_PRODUCTS_DIR; };
		B46838762D34534E00B064AB /* Zoitomat.xctestplan */ = {isa = PBXFileReference; lastKnownFileType = text; path = Zoitomat.xctestplan; sourceTree = "<group>"; };
		B468387B2D346A8400B064AB /* README.md */ = {isa = PBXFileReference; lastKnownFileType = net.daringfireball.markdown; path = README.md; sourceTree = "<group>"; };
/* End PBXFileReference section */

/* Begin PBXFileSystemSynchronizedRootGroup section */
		B468382A2D30718100B064AB /* Zoitomat */ = {
			isa = PBXFileSystemSynchronizedRootGroup;
			path = Zoitomat;
			sourceTree = "<group>";
		};
		B468383E2D30718300B064AB /* ZoitomatTests */ = {
			isa = PBXFileSystemSynchronizedRootGroup;
			path = ZoitomatTests;
			sourceTree = "<group>";
		};
		B46838482D30718300B064AB /* ZoitomatUITests */ = {
			isa = PBXFileSystemSynchronizedRootGroup;
			path = ZoitomatUITests;
			sourceTree = "<group>";
		};
/* End PBXFileSystemSynchronizedRootGroup section */

/* Begin PBXFrameworksBuildPhase section */
		B46838252D30718100B064AB /* Frameworks */ = {
			isa = PBXFrameworksBuildPhase;
			buildActionMask = 2147483647;
			files = (
			);
			runOnlyForDeploymentPostprocessing = 0;
		};
		B46838382D30718300B064AB /* Frameworks */ = {
			isa = PBXFrameworksBuildPhase;
			buildActionMask = 2147483647;
			files = (
			);
			runOnlyForDeploymentPostprocessing = 0;
		};
		B46838422D30718300B064AB /* Frameworks */ = {
			isa = PBXFrameworksBuildPhase;
			buildActionMask = 2147483647;
			files = (
			);
			runOnlyForDeploymentPostprocessing = 0;
		};
/* End PBXFrameworksBuildPhase section */

/* Begin PBXGroup section */
		B468381F2D30718100B064AB = {
			isa = PBXGroup;
			children = (
				B468387B2D346A8400B064AB /* README.md */,
				B46838762D34534E00B064AB /* Zoitomat.xctestplan */,
				B468382A2D30718100B064AB /* Zoitomat */,
				B468383E2D30718300B064AB /* ZoitomatTests */,
				B46838482D30718300B064AB /* ZoitomatUITests */,
				B46838292D30718100B064AB /* Products */,
			);
			sourceTree = "<group>";
		};
		B46838292D30718100B064AB /* Products */ = {
			isa = PBXGroup;
			children = (
				B46838282D30718100B064AB /* Zoitomat.app */,
				B468383B2D30718300B064AB /* ZoitomatTests.xctest */,
				B46838452D30718300B064AB /* ZoitomatUITests.xctest */,
			);
			name = Products;
			sourceTree = "<group>";
		};
/* End PBXGroup section */

/* Begin PBXNativeTarget section */
		B46838272D30718100B064AB /* Zoitomat */ = {
			isa = PBXNativeTarget;
			buildConfigurationList = B468384F2D30718300B064AB /* Build configuration list for PBXNativeTarget "Zoitomat" */;
			buildPhases = (
				B46838242D30718100B064AB /* Sources */,
				B46838252D30718100B064AB /* Frameworks */,
				B46838262D30718100B064AB /* Resources */,
			);
			buildRules = (
			);
			dependencies = (
			);
			fileSystemSynchronizedGroups = (
				B468382A2D30718100B064AB /* Zoitomat */,
			);
			name = Zoitomat;
			packageProductDependencies = (
			);
			productName = Zoitomat;
			productReference = B46838282D30718100B064AB /* Zoitomat.app */;
			productType = "com.apple.product-type.application";
		};
		B468383A2D30718300B064AB /* ZoitomatTests */ = {
			isa = PBXNativeTarget;
			buildConfigurationList = B46838522D30718300B064AB /* Build configuration list for PBXNativeTarget "ZoitomatTests" */;
			buildPhases = (
				B46838372D30718300B064AB /* Sources */,
				B46838382D30718300B064AB /* Frameworks */,
				B46838392D30718300B064AB /* Resources */,
			);
			buildRules = (
			);
			dependencies = (
				B468383D2D30718300B064AB /* PBXTargetDependency */,
			);
			fileSystemSynchronizedGroups = (
				B468383E2D30718300B064AB /* ZoitomatTests */,
			);
			name = ZoitomatTests;
			packageProductDependencies = (
			);
			productName = ZoitomatTests;
			productReference = B468383B2D30718300B064AB /* ZoitomatTests.xctest */;
			productType = "com.apple.product-type.bundle.unit-test";
		};
		B46838442D30718300B064AB /* ZoitomatUITests */ = {
			isa = PBXNativeTarget;
			buildConfigurationList = B46838552D30718300B064AB /* Build configuration list for PBXNativeTarget "ZoitomatUITests" */;
			buildPhases = (
				B46838412D30718300B064AB /* Sources */,
				B46838422D30718300B064AB /* Frameworks */,
				B46838432D30718300B064AB /* Resources */,
			);
			buildRules = (
			);
			dependencies = (
				B46838472D30718300B064AB /* PBXTargetDependency */,
			);
			fileSystemSynchronizedGroups = (
				B46838482D30718300B064AB /* ZoitomatUITests */,
			);
			name = ZoitomatUITests;
			packageProductDependencies = (
			);
			productName = ZoitomatUITests;
			productReference = B46838452D30718300B064AB /* ZoitomatUITests.xctest */;
			productType = "com.apple.product-type.bundle.ui-testing";
		};
/* End PBXNativeTarget section */

/* Begin PBXProject section */
		B46838202D30718100B064AB /* Project object */ = {
			isa = PBXProject;
			attributes = {
				BuildIndependentTargetsInParallel = 1;
				LastSwiftUpdateCheck = 1620;
				LastUpgradeCheck = 1620;
				TargetAttributes = {
					B46838272D30718100B064AB = {
						CreatedOnToolsVersion = 16.2;
					};
					B468383A2D30718300B064AB = {
						CreatedOnToolsVersion = 16.2;
						TestTargetID = B46838272D30718100B064AB;
					};
					B46838442D30718300B064AB = {
						CreatedOnToolsVersion = 16.2;
						TestTargetID = B46838272D30718100B064AB;
					};
				};
			};
			buildConfigurationList = B46838232D30718100B064AB /* Build configuration list for PBXProject "Zoitomat" */;
			developmentRegion = en;
			hasScannedForEncodings = 0;
			knownRegions = (
				en,
				Base,
			);
			mainGroup = B468381F2D30718100B064AB;
			minimizedProjectReferenceProxies = 1;
			preferredProjectObjectVersion = 77;
			productRefGroup = B46838292D30718100B064AB /* Products */;
			projectDirPath = "";
			projectRoot = "";
			targets = (
				B46838272D30718100B064AB /* Zoitomat */,
				B468383A2D30718300B064AB /* ZoitomatTests */,
				B46838442D30718300B064AB /* ZoitomatUITests */,
			);
		};
/* End PBXProject section */

/* Begin PBXResourcesBuildPhase section */
		B46838262D30718100B064AB /* Resources */ = {
			isa = PBXResourcesBuildPhase;
			buildActionMask = 2147483647;
			files = (
				B468387C2D346A8400B064AB /* README.md in Resources */,
			);
			runOnlyForDeploymentPostprocessing = 0;
		};
		B46838392D30718300B064AB /* Resources */ = {
			isa = PBXResourcesBuildPhase;
			buildActionMask = 2147483647;
			files = (
			);
			runOnlyForDeploymentPostprocessing = 0;
		};
		B46838432D30718300B064AB /* Resources */ = {
			isa = PBXResourcesBuildPhase;
			buildActionMask = 2147483647;
			files = (
			);
			runOnlyForDeploymentPostprocessing = 0;
		};
/* End PBXResourcesBuildPhase section */

/* Begin PBXSourcesBuildPhase section */
		B46838242D30718100B064AB /* Sources */ = {
			isa = PBXSourcesBuildPhase;
			buildActionMask = 2147483647;
			files = (
			);
			runOnlyForDeploymentPostprocessing = 0;
		};
		B46838372D30718300B064AB /* Sources */ = {
			isa = PBXSourcesBuildPhase;
			buildActionMask = 2147483647;
			files = (
			);
			runOnlyForDeploymentPostprocessing = 0;
		};
		B46838412D30718300B064AB /* Sources */ = {
			isa = PBXSourcesBuildPhase;
			buildActionMask = 2147483647;
			files = (
			);
			runOnlyForDeploymentPostprocessing = 0;
		};
/* End PBXSourcesBuildPhase section */

/* Begin PBXTargetDependency section */
		B468383D2D30718300B064AB /* PBXTargetDependency */ = {
			isa = PBXTargetDependency;
			target = B46838272D30718100B064AB /* Zoitomat */;
			targetProxy = B468383C2D30718300B064AB /* PBXContainerItemProxy */;
		};
		B46838472D30718300B064AB /* PBXTargetDependency */ = {
			isa = PBXTargetDependency;
			target = B46838272D30718100B064AB /* Zoitomat */;
			targetProxy = B46838462D30718300B064AB /* PBXContainerItemProxy */;
		};
/* End PBXTargetDependency section */

/* Begin XCBuildConfiguration section */
		B468384D2D30718300B064AB /* Debug */ = {
			isa = XCBuildConfiguration;
			buildSettings = {
				ALWAYS_SEARCH_USER_PATHS = NO;
				ASSETCATALOG_COMPILER_GENERATE_SWIFT_ASSET_SYMBOL_EXTENSIONS = YES;
				CLANG_ANALYZER_NONNULL = YES;
				CLANG_ANALYZER_NUMBER_OBJECT_CONVERSION = YES_AGGRESSIVE;
				CLANG_CXX_LANGUAGE_STANDARD = "gnu++20";
				CLANG_ENABLE_MODULES = YES;
				CLANG_ENABLE_OBJC_ARC = YES;
				CLANG_ENABLE_OBJC_WEAK = YES;
				CLANG_WARN_BLOCK_CAPTURE_AUTORELEASING = YES;
				CLANG_WARN_BOOL_CONVERSION = YES;
				CLANG_WARN_COMMA = YES;
				CLANG_WARN_CONSTANT_CONVERSION = YES;
				CLANG_WARN_DEPRECATED_OBJC_IMPLEMENTATIONS = YES;
				CLANG_WARN_DIRECT_OBJC_ISA_USAGE = YES_ERROR;
				CLANG_WARN_DOCUMENTATION_COMMENTS = YES;
				CLANG_WARN_EMPTY_BODY = YES;
				CLANG_WARN_ENUM_CONVERSION = YES;
				CLANG_WARN_INFINITE_RECURSION = YES;
				CLANG_WARN_INT_CONVERSION = YES;
				CLANG_WARN_NON_LITERAL_NULL_CONVERSION = YES;
				CLANG_WARN_OBJC_IMPLICIT_RETAIN_SELF = YES;
				CLANG_WARN_OBJC_LITERAL_CONVERSION = YES;
				CLANG_WARN_OBJC_ROOT_CLASS = YES_ERROR;
				CLANG_WARN_QUOTED_INCLUDE_IN_FRAMEWORK_HEADER = YES;
				CLANG_WARN_RANGE_LOOP_ANALYSIS = YES;
				CLANG_WARN_STRICT_PROTOTYPES = YES;
				CLANG_WARN_SUSPICIOUS_MOVE = YES;
				CLANG_WARN_UNGUARDED_AVAILABILITY = YES_AGGRESSIVE;
				CLANG_WARN_UNREACHABLE_CODE = YES;
				CLANG_WARN__DUPLICATE_METHOD_MATCH = YES;
				COPY_PHASE_STRIP = NO;
				DEBUG_INFORMATION_FORMAT = dwarf;
				ENABLE_STRICT_OBJC_MSGSEND = YES;
				ENABLE_TESTABILITY = YES;
				ENABLE_USER_SCRIPT_SANDBOXING = YES;
				GCC_C_LANGUAGE_STANDARD = gnu17;
				GCC_DYNAMIC_NO_PIC = NO;
				GCC_NO_COMMON_BLOCKS = YES;
				GCC_OPTIMIZATION_LEVEL = 0;
				GCC_PREPROCESSOR_DEFINITIONS = (
					"DEBUG=1",
					"$(inherited)",
				);
				GCC_WARN_64_TO_32_BIT_CONVERSION = YES;
				GCC_WARN_ABOUT_RETURN_TYPE = YES_ERROR;
				GCC_WARN_UNDECLARED_SELECTOR = YES;
				GCC_WARN_UNINITIALIZED_AUTOS = YES_AGGRESSIVE;
				GCC_WARN_UNUSED_FUNCTION = YES;
				GCC_WARN_UNUSED_VARIABLE = YES;
				LOCALIZATION_PREFERS_STRING_CATALOGS = YES;
				MACOSX_DEPLOYMENT_TARGET = 15.2;
				MTL_ENABLE_DEBUG_INFO = INCLUDE_SOURCE;
				MTL_FAST_MATH = YES;
				ONLY_ACTIVE_ARCH = YES;
				SDKROOT = macosx;
				SWIFT_ACTIVE_COMPILATION_CONDITIONS = "DEBUG $(inherited)";
				SWIFT_OPTIMIZATION_LEVEL = "-Onone";
			};
			name = Debug;
		};
		B468384E2D30718300B064AB /* Release */ = {
			isa = XCBuildConfiguration;
			buildSettings = {
				ALWAYS_SEARCH_USER_PATHS = NO;
				ASSETCATALOG_COMPILER_GENERATE_SWIFT_ASSET_SYMBOL_EXTENSIONS = YES;
				CLANG_ANALYZER_NONNULL = YES;
				CLANG_ANALYZER_NUMBER_OBJECT_CONVERSION = YES_AGGRESSIVE;
				CLANG_CXX_LANGUAGE_STANDARD = "gnu++20";
				CLANG_ENABLE_MODULES = YES;
				CLANG_ENABLE_OBJC_ARC = YES;
				CLANG_ENABLE_OBJC_WEAK = YES;
				CLANG_WARN_BLOCK_CAPTURE_AUTORELEASING = YES;
				CLANG_WARN_BOOL_CONVERSION = YES;
				CLANG_WARN_COMMA = YES;
				CLANG_WARN_CONSTANT_CONVERSION = YES;
				CLANG_WARN_DEPRECATED_OBJC_IMPLEMENTATIONS = YES;
				CLANG_WARN_DIRECT_OBJC_ISA_USAGE = YES_ERROR;
				CLANG_WARN_DOCUMENTATION_COMMENTS = YES;
				CLANG_WARN_EMPTY_BODY = YES;
				CLANG_WARN_ENUM_CONVERSION = YES;
				CLANG_WARN_INFINITE_RECURSION = YES;
				CLANG_WARN_INT_CONVERSION = YES;
				CLANG_WARN_NON_LITERAL_NULL_CONVERSION = YES;
				CLANG_WARN_OBJC_IMPLICIT_RETAIN_SELF = YES;
				CLANG_WARN_OBJC_LITERAL_CONVERSION = YES;
				CLANG_WARN_OBJC_ROOT_CLASS = YES_ERROR;
				CLANG_WARN_QUOTED_INCLUDE_IN_FRAMEWORK_HEADER = YES;
				CLANG_WARN_RANGE_LOOP_ANALYSIS = YES;
				CLANG_WARN_STRICT_PROTOTYPES = YES;
				CLANG_WARN_SUSPICIOUS_MOVE = YES;
				CLANG_WARN_UNGUARDED_AVAILABILITY = YES_AGGRESSIVE;
				CLANG_WARN_UNREACHABLE_CODE = YES;
				CLANG_WARN__DUPLICATE_METHOD_MATCH = YES;
				COPY_PHASE_STRIP = NO;
				DEBUG_INFORMATION_FORMAT = "dwarf-with-dsym";
				ENABLE_NS_ASSERTIONS = NO;
				ENABLE_STRICT_OBJC_MSGSEND = YES;
				ENABLE_USER_SCRIPT_SANDBOXING = YES;
				GCC_C_LANGUAGE_STANDARD = gnu17;
				GCC_NO_COMMON_BLOCKS = YES;
				GCC_WARN_64_TO_32_BIT_CONVERSION = YES;
				GCC_WARN_ABOUT_RETURN_TYPE = YES_ERROR;
				GCC_WARN_UNDECLARED_SELECTOR = YES;
				GCC_WARN_UNINITIALIZED_AUTOS = YES_AGGRESSIVE;
				GCC_WARN_UNUSED_FUNCTION = YES;
				GCC_WARN_UNUSED_VARIABLE = YES;
				LOCALIZATION_PREFERS_STRING_CATALOGS = YES;
				MACOSX_DEPLOYMENT_TARGET = 15.2;
				MTL_ENABLE_DEBUG_INFO = NO;
				MTL_FAST_MATH = YES;
				SDKROOT = macosx;
				SWIFT_COMPILATION_MODE = wholemodule;
			};
			name = Release;
		};
		B46838502D30718300B064AB /* Debug */ = {
			isa = XCBuildConfiguration;
			buildSettings = {
				ASSETCATALOG_COMPILER_APPICON_NAME = AppIcon;
				ASSETCATALOG_COMPILER_GLOBAL_ACCENT_COLOR_NAME = AccentColor;
				CODE_SIGN_ENTITLEMENTS = Zoitomat/Zoitomat.entitlements;
				CODE_SIGN_STYLE = Automatic;
				COMBINE_HIDPI_IMAGES = YES;
				CURRENT_PROJECT_VERSION = 1;
				DEVELOPMENT_ASSET_PATHS = "\"Zoitomat/Preview Content\"";
				ENABLE_PREVIEWS = YES;
				GENERATE_INFOPLIST_FILE = YES;
				INFOPLIST_KEY_NSHumanReadableCopyright = "";
				LD_RUNPATH_SEARCH_PATHS = (
					"$(inherited)",
					"@executable_path/../Frameworks",
				);
				MACOSX_DEPLOYMENT_TARGET = 14.0;
				MARKETING_VERSION = 1.0;
				PRODUCT_BUNDLE_IDENTIFIER = com.wasdjens.Zoitomat;
				PRODUCT_NAME = "$(TARGET_NAME)";
				SWIFT_EMIT_LOC_STRINGS = YES;
				SWIFT_VERSION = 5.0;
			};
			name = Debug;
		};
		B46838512D30718300B064AB /* Release */ = {
			isa = XCBuildConfiguration;
			buildSettings = {
				ASSETCATALOG_COMPILER_APPICON_NAME = AppIcon;
				ASSETCATALOG_COMPILER_GLOBAL_ACCENT_COLOR_NAME = AccentColor;
				CODE_SIGN_ENTITLEMENTS = Zoitomat/Zoitomat.entitlements;
				CODE_SIGN_STYLE = Automatic;
				COMBINE_HIDPI_IMAGES = YES;
				CURRENT_PROJECT_VERSION = 1;
				DEVELOPMENT_ASSET_PATHS = "\"Zoitomat/Preview Content\"";
				ENABLE_PREVIEWS = YES;
				GENERATE_INFOPLIST_FILE = YES;
				INFOPLIST_KEY_NSHumanReadableCopyright = "";
				LD_RUNPATH_SEARCH_PATHS = (
					"$(inherited)",
					"@executable_path/../Frameworks",
				);
				MACOSX_DEPLOYMENT_TARGET = 14.0;
				MARKETING_VERSION = 1.0;
				PRODUCT_BUNDLE_IDENTIFIER = com.wasdjens.Zoitomat;
				PRODUCT_NAME = "$(TARGET_NAME)";
				SWIFT_EMIT_LOC_STRINGS = YES;
				SWIFT_VERSION = 5.0;
			};
			name = Release;
		};
		B46838532D30718300B064AB /* Debug */ = {
			isa = XCBuildConfiguration;
			buildSettings = {
				BUNDLE_LOADER = "$(TEST_HOST)";
				CODE_SIGN_STYLE = Automatic;
				CURRENT_PROJECT_VERSION = 1;
				GENERATE_INFOPLIST_FILE = YES;
				MACOSX_DEPLOYMENT_TARGET = 14.0;
				MARKETING_VERSION = 1.0;
				PRODUCT_BUNDLE_IDENTIFIER = com.wasdjens.ZoitomatTests;
				PRODUCT_NAME = "$(TARGET_NAME)";
				SWIFT_EMIT_LOC_STRINGS = NO;
				SWIFT_VERSION = 5.0;
				TEST_HOST = "$(BUILT_PRODUCTS_DIR)/Zoitomat.app/$(BUNDLE_EXECUTABLE_FOLDER_PATH)/Zoitomat";
			};
			name = Debug;
		};
		B46838542D30718300B064AB /* Release */ = {
			isa = XCBuildConfiguration;
			buildSettings = {
				BUNDLE_LOADER = "$(TEST_HOST)";
				CODE_SIGN_STYLE = Automatic;
				CURRENT_PROJECT_VERSION = 1;
				GENERATE_INFOPLIST_FILE = YES;
				MACOSX_DEPLOYMENT_TARGET = 14.0;
				MARKETING_VERSION = 1.0;
				PRODUCT_BUNDLE_IDENTIFIER = com.wasdjens.ZoitomatTests;
				PRODUCT_NAME = "$(TARGET_NAME)";
				SWIFT_EMIT_LOC_STRINGS = NO;
				SWIFT_VERSION = 5.0;
				TEST_HOST = "$(BUILT_PRODUCTS_DIR)/Zoitomat.app/$(BUNDLE_EXECUTABLE_FOLDER_PATH)/Zoitomat";
			};
			name = Release;
		};
		B46838562D30718300B064AB /* Debug */ = {
			isa = XCBuildConfiguration;
			buildSettings = {
				CODE_SIGN_STYLE = Automatic;
				CURRENT_PROJECT_VERSION = 1;
				GENERATE_INFOPLIST_FILE = YES;
				MARKETING_VERSION = 1.0;
				PRODUCT_BUNDLE_IDENTIFIER = com.wasdjens.ZoitomatUITests;
				PRODUCT_NAME = "$(TARGET_NAME)";
				SWIFT_EMIT_LOC_STRINGS = NO;
				SWIFT_VERSION = 5.0;
				TEST_TARGET_NAME = Zoitomat;
			};
			name = Debug;
		};
		B46838572D30718300B064AB /* Release */ = {
			isa = XCBuildConfiguration;
			buildSettings = {
				CODE_SIGN_STYLE = Automatic;
				CURRENT_PROJECT_VERSION = 1;
				GENERATE_INFOPLIST_FILE = YES;
				MARKETING_VERSION = 1.0;
				PRODUCT_BUNDLE_IDENTIFIER = com.wasdjens.ZoitomatUITests;
				PRODUCT_NAME = "$(TARGET_NAME)";
				SWIFT_EMIT_LOC_STRINGS = NO;
				SWIFT_VERSION = 5.0;
				TEST_TARGET_NAME = Zoitomat;
			};
			name = Release;
		};
/* End XCBuildConfiguration section */

/* Begin XCConfigurationList section */
		B46838232D30718100B064AB /* Build configuration list for PBXProject "Zoitomat" */ = {
			isa = XCConfigurationList;
			buildConfigurations = (
				B468384D2D30718300B064AB /* Debug */,
				B468384E2D30718300B064AB /* Release */,
			);
			defaultConfigurationIsVisible = 0;
			defaultConfigurationName = Release;
		};
		B468384F2D30718300B064AB /* Build configuration list for PBXNativeTarget "Zoitomat" */ = {
			isa = XCConfigurationList;
			buildConfigurations = (
				B46838502D30718300B064AB /* Debug */,
				B46838512D30718300B064AB /* Release */,
			);
			defaultConfigurationIsVisible = 0;
			defaultConfigurationName = Release;
		};
		B46838522D30718300B064AB /* Build configuration list for PBXNativeTarget "ZoitomatTests" */ = {
			isa = XCConfigurationList;
			buildConfigurations = (
				B46838532D30718300B064AB /* Debug */,
				B46838542D30718300B064AB /* Release */,
			);
			defaultConfigurationIsVisible = 0;
			defaultConfigurationName = Release;
		};
		B46838552D30718300B064AB /* Build configuration list for PBXNativeTarget "ZoitomatUITests" */ = {
			isa = XCConfigurationList;
			buildConfigurations = (
				B46838562D30718300B064AB /* Debug */,
				B46838572D30718300B064AB /* Release */,
			);
			defaultConfigurationIsVisible = 0;
			defaultConfigurationName = Release;
		};
/* End XCConfigurationList section */
	};
	rootObject = B46838202D30718100B064AB /* Project object */;
}
